
Microsoft Visual Studio Solution File, Format Version 12.00
# Visual Studio 15
VisualStudioVersion = 15.0.28307.852
MinimumVisualStudioVersion = 10.0.40219.1
Project("{FAE04EC0-301F-11D3-BF4B-00C04F79EFBC}") = "RAS_PR_GAZ", "RAS_PR_GAZ\RAS_PR_GAZ.csproj", "{69BEC048-E182-4C4A-B70F-075279EF680A}"
EndProject
Project("{54435603-DBB4-11D2-8724-00A0C9A8B90C}") = "SETUP_RAS_PR_GAZ", "SETUP_RAS_PR_GAZ\SETUP_RAS_PR_GAZ.vdproj", "{659EA016-7B7C-4308-B7A7-F2663145CB1B}"
EndProject
Global
	GlobalSection(SolutionConfigurationPlatforms) = preSolution
		Debug|Any CPU = Debug|Any CPU
		Release|Any CPU = Release|Any CPU
	EndGlobalSection
	GlobalSection(ProjectConfigurationPlatforms) = postSolution
		{69BEC048-E182-4C4A-B70F-075279EF680A}.Debug|Any CPU.ActiveCfg = Debug|Any CPU
		{69BEC048-E182-4C4A-B70F-075279EF680A}.Debug|Any CPU.Build.0 = Debug|Any CPU
		{69BEC048-E182-4C4A-B70F-075279EF680A}.Release|Any CPU.ActiveCfg = Release|Any CPU
		{69BEC048-E182-4C4A-B70F-075279EF680A}.Release|Any CPU.Build.0 = Release|Any CPU
		{659EA016-7B7C-4308-B7A7-F2663145CB1B}.Debug|Any CPU.ActiveCfg = Debug
		{659EA016-7B7C-4308-B7A7-F2663145CB1B}.Release|Any CPU.ActiveCfg = Release
	EndGlobalSection
	GlobalSection(SolutionProperties) = preSolution
		HideSolutionNode = FALSE
	EndGlobalSection
	GlobalSection(ExtensibilityGlobals) = postSolution
		SolutionGuid = {386C2EFF-29DA-4799-883B-E9DDBDAA1B7C}
	EndGlobalSection
EndGlobal
